
Microsoft Visual Studio Solution File, Format Version 12.00
# Visual Studio 15
VisualStudioVersion = 15.0.28307.852
MinimumVisualStudioVersion = 10.0.40219.1
Project("{8BC9CEB8-8B4A-11D0-8D11-00A0C91BC942}") = "windowAPI", "windowAPI.vcxproj", "{28B4DAE8-5578-4957-B006-3CD8EAE245FC}"
EndProject
Global
	GlobalSection(SolutionConfigurationPlatforms) = preSolution
		Debug|x64 = Debug|x64
		Debug|x86 = Debug|x86
		Release|x64 = Release|x64
		Release|x86 = Release|x86
	EndGlobalSection
	GlobalSection(ProjectConfigurationPlatforms) = postSolution
		{28B4DAE8-5578-4957-B006-3CD8EAE245FC}.Debug|x64.ActiveCfg = Debug|x64
		{28B4DAE8-5578-4957-B006-3CD8EAE245FC}.Debug|x64.Build.0 = Debug|x64
		{28B4DAE8-5578-4957-B006-3CD8EAE245FC}.Debug|x86.ActiveCfg = Debug|Win32
		{28B4DAE8-5578-4957-B006-3CD8EAE245FC}.Debug|x86.Build.0 = Debug|Win32
		{28B4DAE8-5578-4957-B006-3CD8EAE245FC}.Release|x64.ActiveCfg = Release|x64
		{28B4DAE8-5578-4957-B006-3CD8EAE245FC}.Release|x64.Build.0 = Release|x64
		{28B4DAE8-5578-4957-B006-3CD8EAE245FC}.Release|x86.ActiveCfg = Release|Win32
		{28B4DAE8-5578-4957-B006-3CD8EAE245FC}.Release|x86.Build.0 = Release|Win32
	EndGlobalSection
	GlobalSection(SolutionProperties) = preSolution
		HideSolutionNode = FALSE
	EndGlobalSection
	GlobalSection(ExtensibilityGlobals) = postSolution
		SolutionGuid = {7281C660-7AAB-40E0-8FD8-75974317F763}
	EndGlobalSection
EndGlobal
