<?xml version="1.0" encoding="utf-8"?>
<Project ToolsVersion="4.0" xmlns="http://schemas.microsoft.com/developer/msbuild/2003">
  <ItemGroup>
    <Filter Include="소스 파일">
      <UniqueIdentifier>{4FC737F1-C7A5-4376-A066-2A32D752A2FF}</UniqueIdentifier>
      <Extensions>cpp;c;cc;cxx;def;odl;idl;hpj;bat;asm;asmx</Extensions>
    </Filter>
    <Filter Include="헤더 파일">
      <UniqueIdentifier>{93995380-89BD-4b04-88EB-625FBE52EBFB}</UniqueIdentifier>
      <Extensions>h;hh;hpp;hxx;hm;inl;inc;ipp;xsd</Extensions>
    </Filter>
    <Filter Include="리소스 파일">
      <UniqueIdentifier>{67DA6AB6-F800-4c08-8B7A-83BB121AAD01}</UniqueIdentifier>
      <Extensions>rc;ico;cur;bmp;dlg;rc2;rct;bin;rgs;gif;jpg;jpeg;jpe;resx;tiff;tif;png;wav;mfcribbon-ms</Extensions>
    </Filter>
    <Filter Include="2DGameFramework">
      <UniqueIdentifier>{acc8cb01-70a4-4cc6-9d88-d32134c13a9f}</UniqueIdentifier>
    </Filter>
    <Filter Include="playGround">
      <UniqueIdentifier>{81ef0d09-364b-467c-92b5-68b9438212f6}</UniqueIdentifier>
    </Filter>
    <Filter Include="2DGameFramework\SingletonBase">
      <UniqueIdentifier>{8f2c2318-9b69-434a-838a-8649fb3d732d}</UniqueIdentifier>
    </Filter>
    <Filter Include="2DGameFramework\Manager">
      <UniqueIdentifier>{16fac473-44a9-4f96-870f-27a66bc8d31e}</UniqueIdentifier>
    </Filter>
    <Filter Include="2DGameFramework\image">
      <UniqueIdentifier>{7fcd4216-76a8-48f1-a13f-4afb68ded7c5}</UniqueIdentifier>
    </Filter>
    <Filter Include="2DGameFramework\Util">
      <UniqueIdentifier>{7d7b862c-abb8-408f-a500-97d6ced2a4fd}</UniqueIdentifier>
    </Filter>
    <Filter Include="2DGameFramework\progressBar">
      <UniqueIdentifier>{c1cc7a2a-bdac-47e2-bf6f-f3b70adb4fac}</UniqueIdentifier>
    </Filter>
    <Filter Include="2DGameFramework\txtData">
      <UniqueIdentifier>{511868d2-4d81-4fc3-bf82-6322d9df63e4}</UniqueIdentifier>
    </Filter>
    <Filter Include="2DGameFramework\timer">
      <UniqueIdentifier>{6110c452-b2ac-48e8-ac0c-90e7d5151e36}</UniqueIdentifier>
    </Filter>
    <Filter Include="2DGameFramework\animation">
      <UniqueIdentifier>{a76d591a-6507-4a2b-aeab-11c470a3f2dd}</UniqueIdentifier>
    </Filter>
    <Filter Include="2DGameFramework\effect">
      <UniqueIdentifier>{0dbf570f-42b2-481b-8632-983fa151eedb}</UniqueIdentifier>
    </Filter>
    <Filter Include="2DGameFramework\Object">
      <UniqueIdentifier>{b68ff02c-6821-4267-9560-d6ff2c76c0ca}</UniqueIdentifier>
    </Filter>
    <Filter Include="2DGameFramework\Manager\cpp">
      <UniqueIdentifier>{77b03ab3-11c7-4599-895b-f20124bf56ca}</UniqueIdentifier>
    </Filter>
    <Filter Include="2DGameFramework\Manager\header">
      <UniqueIdentifier>{1ad6e989-24b4-440d-a2fe-7e20af8dc749}</UniqueIdentifier>
    </Filter>
    <Filter Include="2DGameFramework\Object\Component">
      <UniqueIdentifier>{bb1fdd11-1a54-448c-8650-a78c968369b4}</UniqueIdentifier>
    </Filter>
    <Filter Include="2DGameFramework\Object\Component\cpp">
      <UniqueIdentifier>{b0910d0b-bbd1-4966-a366-dc3ee1e6ba7a}</UniqueIdentifier>
    </Filter>
    <Filter Include="2DGameFramework\Object\Component\header">
      <UniqueIdentifier>{126cfdf4-4201-448a-8695-e32eaa02db08}</UniqueIdentifier>
    </Filter>
    <Filter Include="2DGameFramework\Metrix">
      <UniqueIdentifier>{1df28ea1-f73c-49c6-9df3-7d7af41f9860}</UniqueIdentifier>
    </Filter>
    <Filter Include="playGround\Map&amp;UI">
      <UniqueIdentifier>{85daec07-a251-4785-ae89-e7b019fa8077}</UniqueIdentifier>
    </Filter>
    <Filter Include="2DGameFramework\ObjectPool">
      <UniqueIdentifier>{4ca1d902-f8ce-4dd4-bd64-fe87d373a08c}</UniqueIdentifier>
    </Filter>
    <Filter Include="playGround\Character">
      <UniqueIdentifier>{e01c5691-e303-4864-adb9-8cd570367e8e}</UniqueIdentifier>
    </Filter>
    <Filter Include="playGround\Object">
      <UniqueIdentifier>{27ce405d-2774-49b4-b144-63136784c283}</UniqueIdentifier>
    </Filter>
  </ItemGroup>
  <ItemGroup>
    <ClInclude Include="stdafx.h">
      <Filter>헤더 파일</Filter>
    </ClInclude>
    <ClInclude Include="targetver.h">
      <Filter>헤더 파일</Filter>
    </ClInclude>
    <ClInclude Include="Resource.h">
      <Filter>헤더 파일</Filter>
    </ClInclude>
    <ClInclude Include="windowAPI.h">
      <Filter>헤더 파일</Filter>
    </ClInclude>
    <ClInclude Include="commonMacroFunction.h">
      <Filter>헤더 파일</Filter>
    </ClInclude>
    <ClInclude Include="gameNode.h">
      <Filter>2DGameFramework</Filter>
    </ClInclude>
    <ClInclude Include="playGround.h">
      <Filter>playGround</Filter>
    </ClInclude>
    <ClInclude Include="singletonBase.h">
      <Filter>2DGameFramework\SingletonBase</Filter>
    </ClInclude>
    <ClInclude Include="randomFunction.h">
      <Filter>헤더 파일</Filter>
    </ClInclude>
    <ClInclude Include="image.h">
      <Filter>2DGameFramework\image</Filter>
    </ClInclude>
    <ClInclude Include="utils.h">
      <Filter>2DGameFramework\Util</Filter>
    </ClInclude>
    <ClInclude Include="progressBar.h">
      <Filter>2DGameFramework\progressBar</Filter>
    </ClInclude>
    <ClInclude Include="txtData.h">
      <Filter>2DGameFramework\txtData</Filter>
    </ClInclude>
    <ClInclude Include="timer.h">
      <Filter>2DGameFramework\timer</Filter>
    </ClInclude>
    <ClInclude Include="animation.h">
      <Filter>2DGameFramework\animation</Filter>
    </ClInclude>
    <ClInclude Include="effect.h">
      <Filter>2DGameFramework\effect</Filter>
    </ClInclude>
    <ClInclude Include="Object.h">
      <Filter>2DGameFramework\Object</Filter>
    </ClInclude>
    <ClInclude Include="GraphicComponent.h">
      <Filter>2DGameFramework\Object\Component\header</Filter>
    </ClInclude>
    <ClInclude Include="KeyControlComponent.h">
      <Filter>2DGameFramework\Object\Component\header</Filter>
    </ClInclude>
    <ClInclude Include="PhysicsBodyComponent.h">
      <Filter>2DGameFramework\Object\Component\header</Filter>
    </ClInclude>
    <ClInclude Include="TransformComponent.h">
      <Filter>2DGameFramework\Object\Component\header</Filter>
    </ClInclude>
    <ClInclude Include="effectManager.h">
      <Filter>2DGameFramework\Manager\header</Filter>
    </ClInclude>
    <ClInclude Include="imageManager.h">
      <Filter>2DGameFramework\Manager\header</Filter>
    </ClInclude>
    <ClInclude Include="keyManager.h">
      <Filter>2DGameFramework\Manager\header</Filter>
    </ClInclude>
    <ClInclude Include="soundManager.h">
      <Filter>2DGameFramework\Manager\header</Filter>
    </ClInclude>
    <ClInclude Include="timeManager.h">
      <Filter>2DGameFramework\Manager\header</Filter>
    </ClInclude>
    <ClInclude Include="StateComponent.h">
      <Filter>2DGameFramework\Object\Component\header</Filter>
    </ClInclude>
    <ClInclude Include="sceneManager.h">
      <Filter>2DGameFramework\Manager\header</Filter>
    </ClInclude>
    <ClInclude Include="Graphic.h">
      <Filter>2DGameFramework\image</Filter>
    </ClInclude>
    <ClInclude Include="PhysicsManager.h">
      <Filter>2DGameFramework\Manager\header</Filter>
    </ClInclude>
    <ClInclude Include="BoxWorldManager.h">
      <Filter>2DGameFramework\Manager\header</Filter>
    </ClInclude>
    <ClInclude Include="GraphicsManager.h">
      <Filter>2DGameFramework\Manager\header</Filter>
    </ClInclude>
    <ClInclude Include="Component.h">
      <Filter>2DGameFramework\Object\Component\header</Filter>
    </ClInclude>
    <ClInclude Include="Object.hpp">
      <Filter>2DGameFramework\Object</Filter>
    </ClInclude>
    <ClInclude Include="Camera.h">
      <Filter>2DGameFramework\Manager\header</Filter>
    </ClInclude>
    <ClInclude Include="Matrix2x2.h">
      <Filter>2DGameFramework\Metrix</Filter>
    </ClInclude>
    <ClInclude Include="Matrix3x3.h">
      <Filter>2DGameFramework\Metrix</Filter>
    </ClInclude>
    <ClInclude Include="Vector2.h">
      <Filter>2DGameFramework</Filter>
    </ClInclude>
    <ClInclude Include="Vector3.h">
      <Filter>2DGameFramework</Filter>
    </ClInclude>
    <ClInclude Include="Collider.h">
      <Filter>2DGameFramework\Object\Component\header</Filter>
    </ClInclude>
    <ClInclude Include="UIManager.h">
      <Filter>playGround\Map&amp;UI</Filter>
    </ClInclude>
    <ClInclude Include="Wall.h">
      <Filter>playGround\Map&amp;UI</Filter>
    </ClInclude>
    <ClInclude Include="Floor.h">
      <Filter>playGround\Map&amp;UI</Filter>
    </ClInclude>
    <ClInclude Include="Item.h">
      <Filter>헤더 파일</Filter>
    </ClInclude>
    <ClInclude Include="ObjectManager.h">
      <Filter>헤더 파일</Filter>
    </ClInclude>
    <ClInclude Include="Tomato.h">
      <Filter>헤더 파일</Filter>
    </ClInclude>
    <ClInclude Include="Barrier.h">
      <Filter>playGround\Map&amp;UI</Filter>
    </ClInclude>
    <ClInclude Include="ObjectPool.h">
      <Filter>2DGameFramework\ObjectPool</Filter>
    </ClInclude>
    <ClInclude Include="Bullet.h">
      <Filter>헤더 파일</Filter>
    </ClInclude>
    <ClInclude Include="bulletScript.h">
      <Filter>헤더 파일</Filter>
    </ClInclude>
    <ClInclude Include="Ladder.h">
      <Filter>playGround\Map&amp;UI</Filter>
    </ClInclude>
    <ClInclude Include="UnGravityScript.h">
      <Filter>헤더 파일</Filter>
    </ClInclude>
    <ClInclude Include="Character.h">
      <Filter>playGround\Character</Filter>
    </ClInclude>
    <ClInclude Include="ErikScript.h">
      <Filter>playGround\Character</Filter>
    </ClInclude>
    <ClInclude Include="PlayerManager.h">
      <Filter>playGround\Character</Filter>
    </ClInclude>
    <ClInclude Include="Bomb.h">
      <Filter>playGround\Object</Filter>
    </ClInclude>
    <ClInclude Include="Meat.h">
      <Filter>playGround\Object</Filter>
    </ClInclude>
    <ClInclude Include="Plasma.h">
      <Filter>playGround\Object</Filter>
    </ClInclude>
    <ClInclude Include="Button.h">
      <Filter>playGround\Object</Filter>
    </ClInclude>
    <ClInclude Include="Computer.h">
      <Filter>playGround\Object</Filter>
    </ClInclude>
    <ClInclude Include="RedgunTower.h">
      <Filter>playGround\Object</Filter>
    </ClInclude>
    <ClInclude Include="ObjectPool.hpp">
      <Filter>헤더 파일</Filter>
    </ClInclude>
    <ClInclude Include="ButtonScript.h">
      <Filter>헤더 파일</Filter>
    </ClInclude>
    <ClInclude Include="D2DEffect.h">
      <Filter>헤더 파일</Filter>
    </ClInclude>
  </ItemGroup>
  <ItemGroup>
    <ClCompile Include="stdafx.cpp">
      <Filter>소스 파일</Filter>
    </ClCompile>
    <ClCompile Include="windowAPI.cpp">
      <Filter>소스 파일</Filter>
    </ClCompile>
    <ClCompile Include="gameNode.cpp">
      <Filter>2DGameFramework</Filter>
    </ClCompile>
    <ClCompile Include="playGround.cpp">
      <Filter>playGround</Filter>
    </ClCompile>
    <ClCompile Include="image.cpp">
      <Filter>2DGameFramework\image</Filter>
    </ClCompile>
    <ClCompile Include="utils.cpp">
      <Filter>2DGameFramework\Util</Filter>
    </ClCompile>
    <ClCompile Include="progressBar.cpp">
      <Filter>2DGameFramework\progressBar</Filter>
    </ClCompile>
    <ClCompile Include="txtData.cpp">
      <Filter>2DGameFramework\txtData</Filter>
    </ClCompile>
    <ClCompile Include="timer.cpp">
      <Filter>2DGameFramework\timer</Filter>
    </ClCompile>
    <ClCompile Include="effect.cpp">
      <Filter>2DGameFramework\effect</Filter>
    </ClCompile>
    <ClCompile Include="Object.cpp">
      <Filter>2DGameFramework\Object</Filter>
    </ClCompile>
    <ClCompile Include="GraphicComponent.cpp">
      <Filter>2DGameFramework\Object\Component\cpp</Filter>
    </ClCompile>
    <ClCompile Include="KeyControlComponent.cpp">
      <Filter>2DGameFramework\Object\Component\cpp</Filter>
    </ClCompile>
    <ClCompile Include="PhysicsBodyComponent.cpp">
      <Filter>2DGameFramework\Object\Component\cpp</Filter>
    </ClCompile>
    <ClCompile Include="TransformComponent.cpp">
      <Filter>2DGameFramework\Object\Component\cpp</Filter>
    </ClCompile>
    <ClCompile Include="StateComponent.cpp">
      <Filter>2DGameFramework\Object\Component\cpp</Filter>
    </ClCompile>
    <ClCompile Include="effectManager.cpp">
      <Filter>2DGameFramework\Manager\cpp</Filter>
    </ClCompile>
    <ClCompile Include="imageManager.cpp">
      <Filter>2DGameFramework\Manager\cpp</Filter>
    </ClCompile>
    <ClCompile Include="keyManager.cpp">
      <Filter>2DGameFramework\Manager\cpp</Filter>
    </ClCompile>
    <ClCompile Include="soundManager.cpp">
      <Filter>2DGameFramework\Manager\cpp</Filter>
    </ClCompile>
    <ClCompile Include="timeManager.cpp">
      <Filter>2DGameFramework\Manager\cpp</Filter>
    </ClCompile>
    <ClCompile Include="sceneManager.cpp">
      <Filter>2DGameFramework\Manager\cpp</Filter>
    </ClCompile>
    <ClCompile Include="Graphic.cpp">
      <Filter>2DGameFramework\image</Filter>
    </ClCompile>
    <ClCompile Include="PhysicsManager.cpp">
      <Filter>2DGameFramework\Manager\cpp</Filter>
    </ClCompile>
    <ClCompile Include="BoxWorldManager.cpp">
      <Filter>2DGameFramework\Manager\cpp</Filter>
    </ClCompile>
    <ClCompile Include="animation.cpp">
      <Filter>2DGameFramework\Manager\cpp</Filter>
    </ClCompile>
    <ClCompile Include="GraphicsManager.cpp">
      <Filter>2DGameFramework\Manager\cpp</Filter>
    </ClCompile>
    <ClCompile Include="Component.cpp">
      <Filter>2DGameFramework\Object\Component\cpp</Filter>
    </ClCompile>
    <ClCompile Include="Camera.cpp">
      <Filter>2DGameFramework\Manager\cpp</Filter>
    </ClCompile>
    <ClCompile Include="Matrix2x2.cpp">
      <Filter>2DGameFramework\Metrix</Filter>
    </ClCompile>
    <ClCompile Include="Matrix3x3.cpp">
      <Filter>2DGameFramework\Metrix</Filter>
    </ClCompile>
    <ClCompile Include="Vector2.cpp">
      <Filter>2DGameFramework</Filter>
    </ClCompile>
    <ClCompile Include="Vector3.cpp">
      <Filter>2DGameFramework</Filter>
    </ClCompile>
    <ClCompile Include="Collider.cpp">
      <Filter>2DGameFramework\Object\Component\cpp</Filter>
    </ClCompile>
    <ClCompile Include="UIManager.cpp">
      <Filter>playGround\Map&amp;UI</Filter>
    </ClCompile>
    <ClCompile Include="Wall.cpp">
      <Filter>playGround\Map&amp;UI</Filter>
    </ClCompile>
    <ClCompile Include="Floor.cpp">
      <Filter>playGround\Map&amp;UI</Filter>
    </ClCompile>
    <ClCompile Include="Item.cpp">
      <Filter>소스 파일</Filter>
    </ClCompile>
    <ClCompile Include="ObjectManager.cpp">
      <Filter>소스 파일</Filter>
    </ClCompile>
    <ClCompile Include="Tomato.cpp">
      <Filter>소스 파일</Filter>
    </ClCompile>
    <ClCompile Include="Barrier.cpp">
      <Filter>playGround\Map&amp;UI</Filter>
    </ClCompile>
    <ClCompile Include="ObjectPool.cpp">
      <Filter>2DGameFramework\ObjectPool</Filter>
    </ClCompile>
    <ClCompile Include="Bullet.cpp">
      <Filter>소스 파일</Filter>
    </ClCompile>
    <ClCompile Include="bulletScript.cpp">
      <Filter>소스 파일</Filter>
    </ClCompile>
    <ClCompile Include="Ladder.cpp">
      <Filter>playGround\Map&amp;UI</Filter>
    </ClCompile>
    <ClCompile Include="UnGravityScript.cpp">
      <Filter>소스 파일</Filter>
    </ClCompile>
    <ClCompile Include="Character.cpp">
      <Filter>playGround\Character</Filter>
    </ClCompile>
    <ClCompile Include="ErikScript.cpp">
      <Filter>playGround\Character</Filter>
    </ClCompile>
    <ClCompile Include="PlayerManager.cpp">
      <Filter>playGround\Character</Filter>
    </ClCompile>
    <ClCompile Include="Bomb.cpp">
      <Filter>playGround\Object</Filter>
    </ClCompile>
    <ClCompile Include="Meat.cpp">
      <Filter>playGround\Object</Filter>
    </ClCompile>
    <ClCompile Include="Plasma.cpp">
      <Filter>playGround\Object</Filter>
    </ClCompile>
    <ClCompile Include="Button.cpp">
      <Filter>playGround\Object</Filter>
    </ClCompile>
    <ClCompile Include="Computer.cpp">
      <Filter>playGround\Object</Filter>
    </ClCompile>
    <ClCompile Include="RedgunTower.cpp">
      <Filter>playGround\Object</Filter>
    </ClCompile>
    <ClCompile Include="ButtonScript.cpp">
      <Filter>소스 파일</Filter>
    </ClCompile>
    <ClCompile Include="D2DEffect.cpp">
      <Filter>소스 파일</Filter>
    </ClCompile>
  </ItemGroup>
  <ItemGroup>
    <ResourceCompile Include="windowAPI.rc">
      <Filter>리소스 파일</Filter>
    </ResourceCompile>
  </ItemGroup>
  <ItemGroup>
    <Image Include="small.ico">
      <Filter>리소스 파일</Filter>
    </Image>
    <Image Include="windowAPI.ico">
      <Filter>리소스 파일</Filter>
    </Image>
  </ItemGroup>
</Project>